
Microsoft Visual Studio Solution File, Format Version 12.00
# Visual Studio Version 17
VisualStudioVersion = 17.11.35327.3
MinimumVisualStudioVersion = 10.0.40219.1
Project("{FAE04EC0-301F-11D3-BF4B-00C04F79EFBC}") = "PirkiniuKrepselis", "PirkiniuKrepselis\PirkiniuKrepselis.csproj", "{7DBF677C-79C7-4F7B-ADF0-19C411E95CE4}"
EndProject
Project("{FAE04EC0-301F-11D3-BF4B-00C04F79EFBC}") = "PirkiniuKrepselisCore", "PirkiniuKrepselisCore\PirkiniuKrepselisCore.csproj", "{33B23975-555C-44AC-A0C0-00C59E44FE7D}"
EndProject
Global
	GlobalSection(SolutionConfigurationPlatforms) = preSolution
		Debug|Any CPU = Debug|Any CPU
		Release|Any CPU = Release|Any CPU
	EndGlobalSection
	GlobalSection(ProjectConfigurationPlatforms) = postSolution
		{7DBF677C-79C7-4F7B-ADF0-19C411E95CE4}.Debug|Any CPU.ActiveCfg = Debug|Any CPU
		{7DBF677C-79C7-4F7B-ADF0-19C411E95CE4}.Debug|Any CPU.Build.0 = Debug|Any CPU
		{7DBF677C-79C7-4F7B-ADF0-19C411E95CE4}.Release|Any CPU.ActiveCfg = Release|Any CPU
		{7DBF677C-79C7-4F7B-ADF0-19C411E95CE4}.Release|Any CPU.Build.0 = Release|Any CPU
		{33B23975-555C-44AC-A0C0-00C59E44FE7D}.Debug|Any CPU.ActiveCfg = Debug|Any CPU
		{33B23975-555C-44AC-A0C0-00C59E44FE7D}.Debug|Any CPU.Build.0 = Debug|Any CPU
		{33B23975-555C-44AC-A0C0-00C59E44FE7D}.Release|Any CPU.ActiveCfg = Release|Any CPU
		{33B23975-555C-44AC-A0C0-00C59E44FE7D}.Release|Any CPU.Build.0 = Release|Any CPU
	EndGlobalSection
	GlobalSection(SolutionProperties) = preSolution
		HideSolutionNode = FALSE
	EndGlobalSection
	GlobalSection(ExtensibilityGlobals) = postSolution
		SolutionGuid = {CDC02BBA-BC4E-44FE-894A-4EF8C44E8FF2}
	EndGlobalSection
EndGlobal
